{
  "pins" : [
    {
      "identity" : "achtung",
      "kind" : "remoteSourceControl",
      "location" : "https://github.com/ios-tooling/achtung",
      "state" : {
        "revision" : "9528bf2e7ab4482ac7b1bc8e01979952ced7df38",
        "version" : "0.5.3"
      }
    },
    {
      "identity" : "beholder",
      "kind" : "remoteSourceControl",
      "location" : "https://github.com/ios-tooling/Beholder",
      "state" : {
        "revision" : "b46262cd2d07850b1cd4b0fd19736a34b8d41363",
        "version" : "0.0.5"
      }
    },
    {
      "identity" : "chronicle",
      "kind" : "remoteSourceControl",
      "location" : "https://github.com/ios-tooling/Chronicle",
      "state" : {
        "revision" : "5a44da99206272e63c299857edff548c95a378a5",
        "version" : "0.0.29"
      }
    },
    {
      "identity" : "cloudseeding",
      "kind" : "remoteSourceControl",
      "location" : "https://github.com/ios-tooling/cloudseeding",
      "state" : {
        "revision" : "d25fa5226c974678bd3823c14aeaf6db28827225",
        "version" : "0.2.1"
      }
    },
    {
      "identity" : "convey",
      "kind" : "remoteSourceControl",
      "location" : "https://github.com/ios-tooling/Convey",
      "state" : {
        "revision" : "4560f518c8fc3befec204ec55b8b4561e7efd27a",
        "version" : "3.1.6"
      }
    },
    {
      "identity" : "crossplatformkit",
      "kind" : "remoteSourceControl",
      "location" : "https://github.com/ios-tooling/crossplatformkit",
      "state" : {
        "revision" : "c5700b083674d8940315c80c50ac18b729cc84d1",
        "version" : "1.1.0"
      }
    },
    {
      "identity" : "funnelvision",
      "kind" : "remoteSourceControl",
      "location" : "https://github.com/ios-tooling/FunnelVision",
      "state" : {
        "branch" : "main",
        "revision" : "f8488c729e13970100ae2cfb158d3b0a967dd5d8"
      }
    },
    {
      "identity" : "johnnycache",
      "kind" : "remoteSourceControl",
      "location" : "https://github.com/ios-tooling/JohnnyCache.git",
      "state" : {
        "revision" : "e596c9f607cbba6c2fccf30ddda722c5cd5f1eb8",
        "version" : "1.0.16"
      }
    },
    {
      "identity" : "sharedsettings",
      "kind" : "remoteSourceControl",
      "location" : "https://github.com/ios-tooling/sharedSettings",
      "state" : {
        "revision" : "96957a4638250e8f4f95e1ff14da9ff33daeacd0",
        "version" : "1.1.2"
      }
    },
    {
      "identity" : "suite",
      "kind" : "remoteSourceControl",
      "location" : "https://github.com/ios-tooling/Suite.git",
      "state" : {
        "revision" : "c74afa9df076e52bc54e9b91973b9adc368aff72",
        "version" : "1.4.14"
      }
    },
    {
      "identity" : "swift-cmark",
      "kind" : "remoteSourceControl",
      "location" : "https://github.com/swiftlang/swift-cmark",
      "state" : {
        "revision" : "5d9bdaa4228b381639fff09403e39a04926e2dbe",
        "version" : "0.7.1"
      }
    },
    {
      "identity" : "swift-markdown",
      "kind" : "remoteSourceControl",
      "location" : "https://github.com/swiftlang/swift-markdown",
      "state" : {
        "revision" : "7d9a5ce307528578dfa777d505496bd5f544ad94",
        "version" : "0.7.3"
      }
    },
    {
      "identity" : "swift-syntax",
      "kind" : "remoteSourceControl",
      "location" : "https://github.com/swiftlang/swift-syntax",
      "state" : {
        "revision" : "2b59c0c741e9184ab057fd22950b491076d42e91",
        "version" : "603.0.0"
      }
    },
    {
      "identity" : "tagalong",
      "kind" : "remoteSourceControl",
      "location" : "https://github.com/ios-tooling/TagAlong",
      "state" : {
        "revision" : "c15cd80a5870989c6d12ecdcad1e32d81bf550a8",
        "version" : "0.0.5"
      }
    }
  ],
  "version" : 2
}
